github.com/davecgh/go-spew v1.1.1 h1:vj9j/u1bqnvCEfJOwUhtlOARqs3+rkHYY13jYWTU97c=
github.com/davecgh/go-spew v1.1.1/go.mod h1:J7Y8YcW2NihsgmVo/mv3lAwl/skON4iLHjSsI+c5H38=
github.com/hashicorp/go-cleanhttp v0.5.2 h1:035FKYIWjmULyFRBKPs8TBQoi0x6d9G4xc9neXJWAZQ=
github.com/hashicorp/go-cleanhttp v0.5.2/go.mod h1:kO/YDlP8L1346E6Sodw+PrpBSV4/SoxCXGY6BqNFT48=
github.com/hashicorp/go-hclog v0.9.2 h1:CG6TE5H9/JXsFWJCfoIVpKFIkFe6ysEuHirp4DxCsHI=
github.com/hashicorp/go-hclog v0.9.2/go.mod h1:5CU+agLiy3J7N7QjHK5d05KxGsuXiQLrjA0H7acj2lQ=
github.com/hashicorp/go-retryablehttp v0.7.4 h1:ZQgVdpTdAL7WpMIwLzCfbalOcSUdkDZnpUv3/+BxzFA=
github.com/hashicorp/go-retryablehttp v0.7.4/go.mod h1:Jy/gPYAdjqffZ/yFGCFV2doI5wjtH1ewM9u8iYVjtX8=
github.com/karman-digital/hatch-domain v0.0.0-20231127135213-a3678af47940 h1:SMHWnx0exJFELEBv5gUXwLaeL3SbprNLIbKWPqewLww=
github.com/karman-digital/hatch-domain v0.0.0-20231127135213-a3678af47940/go.mod h1:Q6EiwK98HeB9q8L6WXPnEQWg+3IATT18oDzM2RW5go8=
github.com/karman-digital/hatch-domain v0.0.0-20231127220828-48b3a562d240 h1:OmXvAaV8qA8+oTfadaMxvodQRnRAgRB89pPMlAqjoS8=
github.com/karman-digital/hatch-domain v0.0.0-20231127220828-48b3a562d240/go.mod h1:Q6EiwK98HeB9q8L6WXPnEQWg+3IATT18oDzM2RW5go8=
github.com/karman-digital/hatch-shared v0.0.0-20231103084719-87f02864929d h1:/BI0TDHNuG7eJMlL3hU8XbWMkIpVOHi+anywJ1ZiyYU=
github.com/karman-digital/hatch-shared v0.0.0-20231103084719-87f02864929d/go.mod h1:wpVmtzzwoJ4+2w7RlSThVosCaU7pxBqD40Pu3iZiT0A=
github.com/karman-digital/hatch-shared v0.0.0-20231122131906-5fa356b4db12 h1:UheqWCfLIXjhMyljlzQqShGiKmc33v0LGoddaFJrM28=
github.com/karman-digital/hatch-shared v0.0.0-20231122131906-5fa356b4db12/go.mod h1:wpVmtzzwoJ4+2w7RlSThVosCaU7pxBqD40Pu3iZiT0A=
github.com/karman-digital/hatch-shared v0.0.0-20231128172512-343be475c011 h1:Q6fvepbEk9LAwitoiUIpZUvaMxwTge0mO36JftSUK4I=
github.com/karman-digital/hatch-shared v0.0.0-20231128172512-343be475c011/go.mod h1:QSiA5IT+PkAokDZreSrWItJX0DD8B5LTy/9h2D43ToM=
github.com/karman-digital/integrations v0.0.0-20231205155952-2b750e4b6722 h1:gd93q4KIJolSc+fXtJkFVqaWsqMMnk1PGFJrZWpumz0=
github.com/karman-digital/integrations v0.0.0-20231205155952-2b750e4b6722/go.mod h1:dM5i0mq8Nx8mwhZrH1qJmSaRSe4Dic0SV0vn6RIev+E=
github.com/pmezard/go-difflib v1.0.0 h1:4DBwDE0NGyQoBHbLQYPwSUPoCMWR5BEzIk/f1lZbAQM=
github.com/pmezard/go-difflib v1.0.0/go.mod h1:iKH77koFhYxTK1pcRnkKkqfTogsbg7gZNVY4sRDYZ/4=
github.com/stretchr/testify v1.2.2/go.mod h1:a8OnRcib4nhh0OaRAV+Yts87kKdq0PP7pXfy6kDkUVs=
github.com/stretchr/testify v1.8.4 h1:CcVxjf3Q8PM0mHUKJCdn+eZZtm5yQwehR5yeSVQQcUk=
github.com/stretchr/testify v1.8.4/go.mod h1:sz/lmYIOXD/1dqDmKjjqLyZ2RngseejIcXlSw2iwfAo=
gopkg.in/check.v1 v0.0.0-20161208181325-20d25e280405/go.mod h1:Co6ibVJAznAaIkqp8huTwlJQCZ016jof/cbN4VW5Yz0=
gopkg.in/yaml.v3 v3.0.1 h1:fxVm/GzAzEWqLHuvctI91KS9hhNmmWOoWu0XTYJS7CA=
gopkg.in/yaml.v3 v3.0.1/go.mod h1:K4uyk7z7BCEPqu6E+C64Yfv1cQ7kz7rIZviUmN+EgEM=
